// !$*UTF8*$!
{
	archiveVersion = 1;
	classes = {
	};
	objectVersion = 46;
	objects = {

/* Begin PBXBuildFile section */
		F5D0A34F1BE11D8700381D37 /* CategoryMusic.m in Sources */ = {isa = PBXBuildFile; fileRef = F5D0A34E1BE11D8700381D37 /* CategoryMusic.m */; };
		F5D0A3521BE1223900381D37 /* MusicListCell.m in Sources */ = {isa = PBXBuildFile; fileRef = F5D0A3511BE1223900381D37 /* MusicListCell.m */; };
		F5D0A3561BE1298B00381D37 /* iconfont-fanhuiyou.png in Resources */ = {isa = PBXBuildFile; fileRef = F5D0A3551BE1298B00381D37 /* iconfont-fanhuiyou.png */; };
		F5D6A5711BE0DB4C00DBCA29 /* main.m in Sources */ = {isa = PBXBuildFile; fileRef = F5D6A5701BE0DB4C00DBCA29 /* main.m */; };
		F5D6A5741BE0DB4C00DBCA29 /* AppDelegate.m in Sources */ = {isa = PBXBuildFile; fileRef = F5D6A5731BE0DB4C00DBCA29 /* AppDelegate.m */; };
		F5D6A5771BE0DB4C00DBCA29 /* ViewController.m in Sources */ = {isa = PBXBuildFile; fileRef = F5D6A5761BE0DB4C00DBCA29 /* ViewController.m */; };
		F5D6A57A1BE0DB4C00DBCA29 /* Main.storyboard in Resources */ = {isa = PBXBuildFile; fileRef = F5D6A5781BE0DB4C00DBCA29 /* Main.storyboard */; };
		F5D6A57C1BE0DB4C00DBCA29 /* Images.xcassets in Resources */ = {isa = PBXBuildFile; fileRef = F5D6A57B1BE0DB4C00DBCA29 /* Images.xcassets */; };
		F5D6A57F1BE0DB4C00DBCA29 /* LaunchScreen.xib in Resources */ = {isa = PBXBuildFile; fileRef = F5D6A57D1BE0DB4C00DBCA29 /* LaunchScreen.xib */; };
		F5D6A58B1BE0DB4C00DBCA29 /* MusicTests.m in Sources */ = {isa = PBXBuildFile; fileRef = F5D6A58A1BE0DB4C00DBCA29 /* MusicTests.m */; };
		F5D6A5961BE0DB8F00DBCA29 /* BaseViewController.m in Sources */ = {isa = PBXBuildFile; fileRef = F5D6A5951BE0DB8F00DBCA29 /* BaseViewController.m */; };
		F5D6A5991BE0DF5A00DBCA29 /* back_nomal.png in Resources */ = {isa = PBXBuildFile; fileRef = F5D6A5971BE0DF5A00DBCA29 /* back_nomal.png */; };
		F5D6A59A1BE0DF5A00DBCA29 /* back_click.png in Resources */ = {isa = PBXBuildFile; fileRef = F5D6A5981BE0DF5A00DBCA29 /* back_click.png */; };
		F5D6A5A11BE0EA4F00DBCA29 /* MainMusicViewController.m in Sources */ = {isa = PBXBuildFile; fileRef = F5D6A5A01BE0EA4F00DBCA29 /* MainMusicViewController.m */; };
		F5D6A5A71BE0EC5400DBCA29 /* HeaderCell.m in Sources */ = {isa = PBXBuildFile; fileRef = F5D6A5A61BE0EC5400DBCA29 /* HeaderCell.m */; };
		F5D6A5AC1BE0F05D00DBCA29 /* UIColor+AddColor.m in Sources */ = {isa = PBXBuildFile; fileRef = F5D6A5AB1BE0F05D00DBCA29 /* UIColor+AddColor.m */; };
		F5D6A5C11BE0F39C00DBCA29 /* MJRefresh.bundle in Resources */ = {isa = PBXBuildFile; fileRef = F5D6A5B11BE0F39C00DBCA29 /* MJRefresh.bundle */; };
		F5D6A5C21BE0F39C00DBCA29 /* MJRefreshBaseView.m in Sources */ = {isa = PBXBuildFile; fileRef = F5D6A5B41BE0F39C00DBCA29 /* MJRefreshBaseView.m */; };
		F5D6A5C31BE0F39C00DBCA29 /* MJRefreshConst.m in Sources */ = {isa = PBXBuildFile; fileRef = F5D6A5B61BE0F39C00DBCA29 /* MJRefreshConst.m */; };
		F5D6A5C41BE0F39C00DBCA29 /* MJRefreshFooterView.m in Sources */ = {isa = PBXBuildFile; fileRef = F5D6A5B81BE0F39C00DBCA29 /* MJRefreshFooterView.m */; };
		F5D6A5C51BE0F39C00DBCA29 /* MJRefreshHeaderView.m in Sources */ = {isa = PBXBuildFile; fileRef = F5D6A5BA1BE0F39C00DBCA29 /* MJRefreshHeaderView.m */; };
		F5D6A5C61BE0F39C00DBCA29 /* UIScrollView+Extension.m in Sources */ = {isa = PBXBuildFile; fileRef = F5D6A5BC1BE0F39C00DBCA29 /* UIScrollView+Extension.m */; };
		F5D6A5C71BE0F39C00DBCA29 /* UIScrollView+MJRefresh.m in Sources */ = {isa = PBXBuildFile; fileRef = F5D6A5BE1BE0F39C00DBCA29 /* UIScrollView+MJRefresh.m */; };
		F5D6A5C81BE0F39C00DBCA29 /* UIView+Extension.m in Sources */ = {isa = PBXBuildFile; fileRef = F5D6A5C01BE0F39C00DBCA29 /* UIView+Extension.m */; };
		F5D6A5ED1BE0F41900DBCA29 /* NetHandler.m in Sources */ = {isa = PBXBuildFile; fileRef = F5D6A5CA1BE0F41900DBCA29 /* NetHandler.m */; };
		F5D6A5EE1BE0F41900DBCA29 /* MKAnnotationView+WebCache.m in Sources */ = {isa = PBXBuildFile; fileRef = F5D6A5CD1BE0F41900DBCA29 /* MKAnnotationView+WebCache.m */; };
		F5D6A5EF1BE0F41900DBCA29 /* NSData+ImageContentType.m in Sources */ = {isa = PBXBuildFile; fileRef = F5D6A5CF1BE0F41900DBCA29 /* NSData+ImageContentType.m */; };
		F5D6A5F01BE0F41900DBCA29 /* SDImageCache.m in Sources */ = {isa = PBXBuildFile; fileRef = F5D6A5D11BE0F41900DBCA29 /* SDImageCache.m */; };
		F5D6A5F11BE0F41900DBCA29 /* SDWebImageCompat.m in Sources */ = {isa = PBXBuildFile; fileRef = F5D6A5D31BE0F41900DBCA29 /* SDWebImageCompat.m */; };
		F5D6A5F21BE0F41900DBCA29 /* SDWebImageDecoder.m in Sources */ = {isa = PBXBuildFile; fileRef = F5D6A5D51BE0F41900DBCA29 /* SDWebImageDecoder.m */; };
		F5D6A5F31BE0F41900DBCA29 /* SDWebImageDownloader.m in Sources */ = {isa = PBXBuildFile; fileRef = F5D6A5D71BE0F41900DBCA29 /* SDWebImageDownloader.m */; };
		F5D6A5F41BE0F41900DBCA29 /* SDWebImageDownloaderOperation.m in Sources */ = {isa = PBXBuildFile; fileRef = F5D6A5D91BE0F41900DBCA29 /* SDWebImageDownloaderOperation.m */; };
		F5D6A5F51BE0F41900DBCA29 /* SDWebImageManager.m in Sources */ = {isa = PBXBuildFile; fileRef = F5D6A5DB1BE0F41900DBCA29 /* SDWebImageManager.m */; };
		F5D6A5F61BE0F41900DBCA29 /* SDWebImagePrefetcher.m in Sources */ = {isa = PBXBuildFile; fileRef = F5D6A5DE1BE0F41900DBCA29 /* SDWebImagePrefetcher.m */; };
		F5D6A5F71BE0F41900DBCA29 /* UIButton+WebCache.m in Sources */ = {isa = PBXBuildFile; fileRef = F5D6A5E01BE0F41900DBCA29 /* UIButton+WebCache.m */; };
		F5D6A5F81BE0F41900DBCA29 /* UIImage+GIF.m in Sources */ = {isa = PBXBuildFile; fileRef = F5D6A5E21BE0F41900DBCA29 /* UIImage+GIF.m */; };
		F5D6A5F91BE0F41900DBCA29 /* UIImage+MultiFormat.m in Sources */ = {isa = PBXBuildFile; fileRef = F5D6A5E41BE0F41900DBCA29 /* UIImage+MultiFormat.m */; };
		F5D6A5FA1BE0F41900DBCA29 /* UIImage+WebP.m in Sources */ = {isa = PBXBuildFile; fileRef = F5D6A5E61BE0F41900DBCA29 /* UIImage+WebP.m */; };
		F5D6A5FB1BE0F41900DBCA29 /* UIImageView+HighlightedWebCache.m in Sources */ = {isa = PBXBuildFile; fileRef = F5D6A5E81BE0F41900DBCA29 /* UIImageView+HighlightedWebCache.m */; };
		F5D6A5FC1BE0F41900DBCA29 /* UIImageView+WebCache.m in Sources */ = {isa = PBXBuildFile; fileRef = F5D6A5EA1BE0F41900DBCA29 /* UIImageView+WebCache.m */; };
		F5D6A5FD1BE0F41900DBCA29 /* UIView+WebCacheOperation.m in Sources */ = {isa = PBXBuildFile; fileRef = F5D6A5EC1BE0F41900DBCA29 /* UIView+WebCacheOperation.m */; };
		F5D6A6001BE0F4B200DBCA29 /* MusicFramework.m in Sources */ = {isa = PBXBuildFile; fileRef = F5D6A5FF1BE0F4B200DBCA29 /* MusicFramework.m */; };
		F5D6A6041BE0FCF500DBCA29 /* NewsTopCell.m in Sources */ = {isa = PBXBuildFile; fileRef = F5D6A6031BE0FCF500DBCA29 /* NewsTopCell.m */; };
		F5D6A6071BE1005000DBCA29 /* MusicImageList.m in Sources */ = {isa = PBXBuildFile; fileRef = F5D6A6061BE1005000DBCA29 /* MusicImageList.m */; };
		F5D6A60A1BE10A6A00DBCA29 /* MusicTitleList.m in Sources */ = {isa = PBXBuildFile; fileRef = F5D6A6091BE10A6A00DBCA29 /* MusicTitleList.m */; };
		F5D6A60D1BE10CA500DBCA29 /* ProgramSelection.m in Sources */ = {isa = PBXBuildFile; fileRef = F5D6A60C1BE10CA500DBCA29 /* ProgramSelection.m */; };
/* End PBXBuildFile section */

/* Begin PBXContainerItemProxy section */
		F5D6A5851BE0DB4C00DBCA29 /* PBXContainerItemProxy */ = {
			isa = PBXContainerItemProxy;
			containerPortal = F5D6A5631BE0DB4C00DBCA29 /* Project object */;
			proxyType = 1;
			remoteGlobalIDString = F5D6A56A1BE0DB4C00DBCA29;
			remoteInfo = Music;
		};
/* End PBXContainerItemProxy section */

/* Begin PBXFileReference section */
		F5D0A34D1BE11D8700381D37 /* CategoryMusic.h */ = {isa = PBXFileReference; fileEncoding = 4; lastKnownFileType = sourcecode.c.h; path = CategoryMusic.h; sourceTree = "<group>"; };
		F5D0A34E1BE11D8700381D37 /* CategoryMusic.m */ = {isa = PBXFileReference; fileEncoding = 4; lastKnownFileType = sourcecode.c.objc; path = CategoryMusic.m; sourceTree = "<group>"; };
		F5D0A3501BE1223900381D37 /* MusicListCell.h */ = {isa = PBXFileReference; fileEncoding = 4; lastKnownFileType = sourcecode.c.h; path = MusicListCell.h; sourceTree = "<group>"; };
		F5D0A3511BE1223900381D37 /* MusicListCell.m */ = {isa = PBXFileReference; fileEncoding = 4; lastKnownFileType = sourcecode.c.objc; path = MusicListCell.m; sourceTree = "<group>"; };
		F5D0A3551BE1298B00381D37 /* iconfont-fanhuiyou.png */ = {isa = PBXFileReference; lastKnownFileType = image.png; path = "iconfont-fanhuiyou.png"; sourceTree = "<group>"; };
		F5D6A56B1BE0DB4C00DBCA29 /* Music.app */ = {isa = PBXFileReference; explicitFileType = wrapper.application; includeInIndex = 0; path = Music.app; sourceTree = BUILT_PRODUCTS_DIR; };
		F5D6A56F1BE0DB4C00DBCA29 /* Info.plist */ = {isa = PBXFileReference; lastKnownFileType = text.plist.xml; path = Info.plist; sourceTree = "<group>"; };
		F5D6A5701BE0DB4C00DBCA29 /* main.m */ = {isa = PBXFileReference; lastKnownFileType = sourcecode.c.objc; path = main.m; sourceTree = "<group>"; };
		F5D6A5721BE0DB4C00DBCA29 /* AppDelegate.h */ = {isa = PBXFileReference; lastKnownFileType = sourcecode.c.h; path = AppDelegate.h; sourceTree = "<group>"; };
		F5D6A5731BE0DB4C00DBCA29 /* AppDelegate.m */ = {isa = PBXFileReference; lastKnownFileType = sourcecode.c.objc; path = AppDelegate.m; sourceTree = "<group>"; };
		F5D6A5751BE0DB4C00DBCA29 /* ViewController.h */ = {isa = PBXFileReference; lastKnownFileType = sourcecode.c.h; path = ViewController.h; sourceTree = "<group>"; };
		F5D6A5761BE0DB4C00DBCA29 /* ViewController.m */ = {isa = PBXFileReference; lastKnownFileType = sourcecode.c.objc; path = ViewController.m; sourceTree = "<group>"; };
		F5D6A5791BE0DB4C00DBCA29 /* Base */ = {isa = PBXFileReference; lastKnownFileType = file.storyboard; name = Base; path = Base.lproj/Main.storyboard; sourceTree = "<group>"; };
		F5D6A57B1BE0DB4C00DBCA29 /* Images.xcassets */ = {isa = PBXFileReference; lastKnownFileType = folder.assetcatalog; path = Images.xcassets; sourceTree = "<group>"; };
		F5D6A57E1BE0DB4C00DBCA29 /* Base */ = {isa = PBXFileReference; lastKnownFileType = file.xib; name = Base; path = Base.lproj/LaunchScreen.xib; sourceTree = "<group>"; };
		F5D6A5841BE0DB4C00DBCA29 /* MusicTests.xctest */ = {isa = PBXFileReference; explicitFileType = wrapper.cfbundle; includeInIndex = 0; path = MusicTests.xctest; sourceTree = BUILT_PRODUCTS_DIR; };
		F5D6A5891BE0DB4C00DBCA29 /* Info.plist */ = {isa = PBXFileReference; lastKnownFileType = text.plist.xml; path = Info.plist; sourceTree = "<group>"; };
		F5D6A58A1BE0DB4C00DBCA29 /* MusicTests.m */ = {isa = PBXFileReference; lastKnownFileType = sourcecode.c.objc; path = MusicTests.m; sourceTree = "<group>"; };
		F5D6A5941BE0DB8F00DBCA29 /* BaseViewController.h */ = {isa = PBXFileReference; fileEncoding = 4; lastKnownFileType = sourcecode.c.h; path = BaseViewController.h; sourceTree = "<group>"; };
		F5D6A5951BE0DB8F00DBCA29 /* BaseViewController.m */ = {isa = PBXFileReference; fileEncoding = 4; lastKnownFileType = sourcecode.c.objc; path = BaseViewController.m; sourceTree = "<group>"; };
		F5D6A5971BE0DF5A00DBCA29 /* back_nomal.png */ = {isa = PBXFileReference; lastKnownFileType = image.png; path = back_nomal.png; sourceTree = "<group>"; };
		F5D6A5981BE0DF5A00DBCA29 /* back_click.png */ = {isa = PBXFileReference; lastKnownFileType = image.png; path = back_click.png; sourceTree = "<group>"; };
		F5D6A59F1BE0EA4F00DBCA29 /* MainMusicViewController.h */ = {isa = PBXFileReference; fileEncoding = 4; lastKnownFileType = sourcecode.c.h; path = MainMusicViewController.h; sourceTree = "<group>"; };
		F5D6A5A01BE0EA4F00DBCA29 /* MainMusicViewController.m */ = {isa = PBXFileReference; fileEncoding = 4; lastKnownFileType = sourcecode.c.objc; path = MainMusicViewController.m; sourceTree = "<group>"; };
		F5D6A5A51BE0EC5400DBCA29 /* HeaderCell.h */ = {isa = PBXFileReference; fileEncoding = 4; lastKnownFileType = sourcecode.c.h; path = HeaderCell.h; sourceTree = "<group>"; };
		F5D6A5A61BE0EC5400DBCA29 /* HeaderCell.m */ = {isa = PBXFileReference; fileEncoding = 4; lastKnownFileType = sourcecode.c.objc; path = HeaderCell.m; sourceTree = "<group>"; };
		F5D6A5AA1BE0F05D00DBCA29 /* UIColor+AddColor.h */ = {isa = PBXFileReference; fileEncoding = 4; lastKnownFileType = sourcecode.c.h; path = "UIColor+AddColor.h"; sourceTree = "<group>"; };
		F5D6A5AB1BE0F05D00DBCA29 /* UIColor+AddColor.m */ = {isa = PBXFileReference; fileEncoding = 4; lastKnownFileType = sourcecode.c.objc; path = "UIColor+AddColor.m"; sourceTree = "<group>"; };
		F5D6A5B11BE0F39C00DBCA29 /* MJRefresh.bundle */ = {isa = PBXFileReference; lastKnownFileType = "wrapper.plug-in"; path = MJRefresh.bundle; sourceTree = "<group>"; };
		F5D6A5B21BE0F39C00DBCA29 /* MJRefresh.h */ = {isa = PBXFileReference; fileEncoding = 4; lastKnownFileType = sourcecode.c.h; path = MJRefresh.h; sourceTree = "<group>"; };
		F5D6A5B31BE0F39C00DBCA29 /* MJRefreshBaseView.h */ = {isa = PBXFileReference; fileEncoding = 4; lastKnownFileType = sourcecode.c.h; path = MJRefreshBaseView.h; sourceTree = "<group>"; };
		F5D6A5B41BE0F39C00DBCA29 /* MJRefreshBaseView.m */ = {isa = PBXFileReference; fileEncoding = 4; lastKnownFileType = sourcecode.c.objc; path = MJRefreshBaseView.m; sourceTree = "<group>"; };
		F5D6A5B51BE0F39C00DBCA29 /* MJRefreshConst.h */ = {isa = PBXFileReference; fileEncoding = 4; lastKnownFileType = sourcecode.c.h; path = MJRefreshConst.h; sourceTree = "<group>"; };
		F5D6A5B61BE0F39C00DBCA29 /* MJRefreshConst.m */ = {isa = PBXFileReference; fileEncoding = 4; lastKnownFileType = sourcecode.c.objc; path = MJRefreshConst.m; sourceTree = "<group>"; };
		F5D6A5B71BE0F39C00DBCA29 /* MJRefreshFooterView.h */ = {isa = PBXFileReference; fileEncoding = 4; lastKnownFileType = sourcecode.c.h; path = MJRefreshFooterView.h; sourceTree = "<group>"; };
		F5D6A5B81BE0F39C00DBCA29 /* MJRefreshFooterView.m */ = {isa = PBXFileReference; fileEncoding = 4; lastKnownFileType = sourcecode.c.objc; path = MJRefreshFooterView.m; sourceTree = "<group>"; };
		F5D6A5B91BE0F39C00DBCA29 /* MJRefreshHeaderView.h */ = {isa = PBXFileReference; fileEncoding = 4; lastKnownFileType = sourcecode.c.h; path = MJRefreshHeaderView.h; sourceTree = "<group>"; };
		F5D6A5BA1BE0F39C00DBCA29 /* MJRefreshHeaderView.m */ = {isa = PBXFileReference; fileEncoding = 4; lastKnownFileType = sourcecode.c.objc; path = MJRefreshHeaderView.m; sourceTree = "<group>"; };
		F5D6A5BB1BE0F39C00DBCA29 /* UIScrollView+Extension.h */ = {isa = PBXFileReference; fileEncoding = 4; lastKnownFileType = sourcecode.c.h; path = "UIScrollView+Extension.h"; sourceTree = "<group>"; };
		F5D6A5BC1BE0F39C00DBCA29 /* UIScrollView+Extension.m */ = {isa = PBXFileReference; fileEncoding = 4; lastKnownFileType = sourcecode.c.objc; path = "UIScrollView+Extension.m"; sourceTree = "<group>"; };
		F5D6A5BD1BE0F39C00DBCA29 /* UIScrollView+MJRefresh.h */ = {isa = PBXFileReference; fileEncoding = 4; lastKnownFileType = sourcecode.c.h; path = "UIScrollView+MJRefresh.h"; sourceTree = "<group>"; };
		F5D6A5BE1BE0F39C00DBCA29 /* UIScrollView+MJRefresh.m */ = {isa = PBXFileReference; fileEncoding = 4; lastKnownFileType = sourcecode.c.objc; path = "UIScrollView+MJRefresh.m"; sourceTree = "<group>"; };
		F5D6A5BF1BE0F39C00DBCA29 /* UIView+Extension.h */ = {isa = PBXFileReference; fileEncoding = 4; lastKnownFileType = sourcecode.c.h; path = "UIView+Extension.h"; sourceTree = "<group>"; };
		F5D6A5C01BE0F39C00DBCA29 /* UIView+Extension.m */ = {isa = PBXFileReference; fileEncoding = 4; lastKnownFileType = sourcecode.c.objc; path = "UIView+Extension.m"; sourceTree = "<group>"; };
		F5D6A5C91BE0F41900DBCA29 /* NetHandler.h */ = {isa = PBXFileReference; fileEncoding = 4; lastKnownFileType = sourcecode.c.h; path = NetHandler.h; sourceTree = "<group>"; };
		F5D6A5CA1BE0F41900DBCA29 /* NetHandler.m */ = {isa = PBXFileReference; fileEncoding = 4; lastKnownFileType = sourcecode.c.objc; path = NetHandler.m; sourceTree = "<group>"; };
		F5D6A5CC1BE0F41900DBCA29 /* MKAnnotationView+WebCache.h */ = {isa = PBXFileReference; fileEncoding = 4; lastKnownFileType = sourcecode.c.h; path = "MKAnnotationView+WebCache.h"; sourceTree = "<group>"; };
		F5D6A5CD1BE0F41900DBCA29 /* MKAnnotationView+WebCache.m */ = {isa = PBXFileReference; fileEncoding = 4; lastKnownFileType = sourcecode.c.objc; path = "MKAnnotationView+WebCache.m"; sourceTree = "<group>"; };
		F5D6A5CE1BE0F41900DBCA29 /* NSData+ImageContentType.h */ = {isa = PBXFileReference; fileEncoding = 4; lastKnownFileType = sourcecode.c.h; path = "NSData+ImageContentType.h"; sourceTree = "<group>"; };
		F5D6A5CF1BE0F41900DBCA29 /* NSData+ImageContentType.m */ = {isa = PBXFileReference; fileEncoding = 4; lastKnownFileType = sourcecode.c.objc; path = "NSData+ImageContentType.m"; sourceTree = "<group>"; };
		F5D6A5D01BE0F41900DBCA29 /* SDImageCache.h */ = {isa = PBXFileReference; fileEncoding = 4; lastKnownFileType = sourcecode.c.h; path = SDImageCache.h; sourceTree = "<group>"; };
		F5D6A5D11BE0F41900DBCA29 /* SDImageCache.m */ = {isa = PBXFileReference; fileEncoding = 4; lastKnownFileType = sourcecode.c.objc; path = SDImageCache.m; sourceTree = "<group>"; };
		F5D6A5D21BE0F41900DBCA29 /* SDWebImageCompat.h */ = {isa = PBXFileReference; fileEncoding = 4; lastKnownFileType = sourcecode.c.h; path = SDWebImageCompat.h; sourceTree = "<group>"; };
		F5D6A5D31BE0F41900DBCA29 /* SDWebImageCompat.m */ = {isa = PBXFileReference; fileEncoding = 4; lastKnownFileType = sourcecode.c.objc; path = SDWebImageCompat.m; sourceTree = "<group>"; };
		F5D6A5D41BE0F41900DBCA29 /* SDWebImageDecoder.h */ = {isa = PBXFileReference; fileEncoding = 4; lastKnownFileType = sourcecode.c.h; path = SDWebImageDecoder.h; sourceTree = "<group>"; };
		F5D6A5D51BE0F41900DBCA29 /* SDWebImageDecoder.m */ = {isa = PBXFileReference; fileEncoding = 4; lastKnownFileType = sourcecode.c.objc; path = SDWebImageDecoder.m; sourceTree = "<group>"; };
		F5D6A5D61BE0F41900DBCA29 /* SDWebImageDownloader.h */ = {isa = PBXFileReference; fileEncoding = 4; lastKnownFileType = sourcecode.c.h; path = SDWebImageDownloader.h; sourceTree = "<group>"; };
		F5D6A5D71BE0F41900DBCA29 /* SDWebImageDownloader.m */ = {isa = PBXFileReference; fileEncoding = 4; lastKnownFileType = sourcecode.c.objc; path = SDWebImageDownloader.m; sourceTree = "<group>"; };
		F5D6A5D81BE0F41900DBCA29 /* SDWebImageDownloaderOperation.h */ = {isa = PBXFileReference; fileEncoding = 4; lastKnownFileType = sourcecode.c.h; path = SDWebImageDownloaderOperation.h; sourceTree = "<group>"; };
		F5D6A5D91BE0F41900DBCA29 /* SDWebImageDownloaderOperation.m */ = {isa = PBXFileReference; fileEncoding = 4; lastKnownFileType = sourcecode.c.objc; path = SDWebImageDownloaderOperation.m; sourceTree = "<group>"; };
		F5D6A5DA1BE0F41900DBCA29 /* SDWebImageManager.h */ = {isa = PBXFileReference; fileEncoding = 4; lastKnownFileType = sourcecode.c.h; path = SDWebImageManager.h; sourceTree = "<group>"; };
		F5D6A5DB1BE0F41900DBCA29 /* SDWebImageManager.m */ = {isa = PBXFileReference; fileEncoding = 4; lastKnownFileType = sourcecode.c.objc; path = SDWebImageManager.m; sourceTree = "<group>"; };
		F5D6A5DC1BE0F41900DBCA29 /* SDWebImageOperation.h */ = {isa = PBXFileReference; fileEncoding = 4; lastKnownFileType = sourcecode.c.h; path = SDWebImageOperation.h; sourceTree = "<group>"; };
		F5D6A5DD1BE0F41900DBCA29 /* SDWebImagePrefetcher.h */ = {isa = PBXFileReference; fileEncoding = 4; lastKnownFileType = sourcecode.c.h; path = SDWebImagePrefetcher.h; sourceTree = "<group>"; };
		F5D6A5DE1BE0F41900DBCA29 /* SDWebImagePrefetcher.m */ = {isa = PBXFileReference; fileEncoding = 4; lastKnownFileType = sourcecode.c.objc; path = SDWebImagePrefetcher.m; sourceTree = "<group>"; };
		F5D6A5DF1BE0F41900DBCA29 /* UIButton+WebCache.h */ = {isa = PBXFileReference; fileEncoding = 4; lastKnownFileType = sourcecode.c.h; path = "UIButton+WebCache.h"; sourceTree = "<group>"; };
		F5D6A5E01BE0F41900DBCA29 /* UIButton+WebCache.m */ = {isa = PBXFileReference; fileEncoding = 4; lastKnownFileType = sourcecode.c.objc; path = "UIButton+WebCache.m"; sourceTree = "<group>"; };
		F5D6A5E11BE0F41900DBCA29 /* UIImage+GIF.h */ = {isa = PBXFileReference; fileEncoding = 4; lastKnownFileType = sourcecode.c.h; path = "UIImage+GIF.h"; sourceTree = "<group>"; };
		F5D6A5E21BE0F41900DBCA29 /* UIImage+GIF.m */ = {isa = PBXFileReference; fileEncoding = 4; lastKnownFileType = sourcecode.c.objc; path = "UIImage+GIF.m"; sourceTree = "<group>"; };
		F5D6A5E31BE0F41900DBCA29 /* UIImage+MultiFormat.h */ = {isa = PBXFileReference; fileEncoding = 4; lastKnownFileType = sourcecode.c.h; path = "UIImage+MultiFormat.h"; sourceTree = "<group>"; };
		F5D6A5E41BE0F41900DBCA29 /* UIImage+MultiFormat.m */ = {isa = PBXFileReference; fileEncoding = 4; lastKnownFileType = sourcecode.c.objc; path = "UIImage+MultiFormat.m"; sourceTree = "<group>"; };
		F5D6A5E51BE0F41900DBCA29 /* UIImage+WebP.h */ = {isa = PBXFileReference; fileEncoding = 4; lastKnownFileType = sourcecode.c.h; path = "UIImage+WebP.h"; sourceTree = "<group>"; };
		F5D6A5E61BE0F41900DBCA29 /* UIImage+WebP.m */ = {isa = PBXFileReference; fileEncoding = 4; lastKnownFileType = sourcecode.c.objc; path = "UIImage+WebP.m"; sourceTree = "<group>"; };
		F5D6A5E71BE0F41900DBCA29 /* UIImageView+HighlightedWebCache.h */ = {isa = PBXFileReference; fileEncoding = 4; lastKnownFileType = sourcecode.c.h; path = "UIImageView+HighlightedWebCache.h"; sourceTree = "<group>"; };
		F5D6A5E81BE0F41900DBCA29 /* UIImageView+HighlightedWebCache.m */ = {isa = PBXFileReference; fileEncoding = 4; lastKnownFileType = sourcecode.c.objc; path = "UIImageView+HighlightedWebCache.m"; sourceTree = "<group>"; };
		F5D6A5E91BE0F41900DBCA29 /* UIImageView+WebCache.h */ = {isa = PBXFileReference; fileEncoding = 4; lastKnownFileType = sourcecode.c.h; path = "UIImageView+WebCache.h"; sourceTree = "<group>"; };
		F5D6A5EA1BE0F41900DBCA29 /* UIImageView+WebCache.m */ = {isa = PBXFileReference; fileEncoding = 4; lastKnownFileType = sourcecode.c.objc; path = "UIImageView+WebCache.m"; sourceTree = "<group>"; };
		F5D6A5EB1BE0F41900DBCA29 /* UIView+WebCacheOperation.h */ = {isa = PBXFileReference; fileEncoding = 4; lastKnownFileType = sourcecode.c.h; path = "UIView+WebCacheOperation.h"; sourceTree = "<group>"; };
		F5D6A5EC1BE0F41900DBCA29 /* UIView+WebCacheOperation.m */ = {isa = PBXFileReference; fileEncoding = 4; lastKnownFileType = sourcecode.c.objc; path = "UIView+WebCacheOperation.m"; sourceTree = "<group>"; };
		F5D6A5FE1BE0F4B200DBCA29 /* MusicFramework.h */ = {isa = PBXFileReference; fileEncoding = 4; lastKnownFileType = sourcecode.c.h; path = MusicFramework.h; sourceTree = "<group>"; };
		F5D6A5FF1BE0F4B200DBCA29 /* MusicFramework.m */ = {isa = PBXFileReference; fileEncoding = 4; lastKnownFileType = sourcecode.c.objc; path = MusicFramework.m; sourceTree = "<group>"; };
		F5D6A6021BE0FCF500DBCA29 /* NewsTopCell.h */ = {isa = PBXFileReference; fileEncoding = 4; lastKnownFileType = sourcecode.c.h; path = NewsTopCell.h; sourceTree = "<group>"; };
		F5D6A6031BE0FCF500DBCA29 /* NewsTopCell.m */ = {isa = PBXFileReference; fileEncoding = 4; lastKnownFileType = sourcecode.c.objc; path = NewsTopCell.m; sourceTree = "<group>"; };
		F5D6A6051BE1005000DBCA29 /* MusicImageList.h */ = {isa = PBXFileReference; fileEncoding = 4; lastKnownFileType = sourcecode.c.h; path = MusicImageList.h; sourceTree = "<group>"; };
		F5D6A6061BE1005000DBCA29 /* MusicImageList.m */ = {isa = PBXFileReference; fileEncoding = 4; lastKnownFileType = sourcecode.c.objc; path = MusicImageList.m; sourceTree = "<group>"; };
		F5D6A6081BE10A6A00DBCA29 /* MusicTitleList.h */ = {isa = PBXFileReference; fileEncoding = 4; lastKnownFileType = sourcecode.c.h; path = MusicTitleList.h; sourceTree = "<group>"; };
		F5D6A6091BE10A6A00DBCA29 /* MusicTitleList.m */ = {isa = PBXFileReference; fileEncoding = 4; lastKnownFileType = sourcecode.c.objc; path = MusicTitleList.m; sourceTree = "<group>"; };
		F5D6A60B1BE10CA500DBCA29 /* ProgramSelection.h */ = {isa = PBXFileReference; fileEncoding = 4; lastKnownFileType = sourcecode.c.h; path = ProgramSelection.h; sourceTree = "<group>"; };
		F5D6A60C1BE10CA500DBCA29 /* ProgramSelection.m */ = {isa = PBXFileReference; fileEncoding = 4; lastKnownFileType = sourcecode.c.objc; path = ProgramSelection.m; sourceTree = "<group>"; };
/* End PBXFileReference section */

/* Begin PBXFrameworksBuildPhase section */
		F5D6A5681BE0DB4C00DBCA29 /* Frameworks */ = {
			isa = PBXFrameworksBuildPhase;
			buildActionMask = 2147483647;
			files = (
			);
			runOnlyForDeploymentPostprocessing = 0;
		};
		F5D6A5811BE0DB4C00DBCA29 /* Frameworks */ = {
			isa = PBXFrameworksBuildPhase;
			buildActionMask = 2147483647;
			files = (
			);
			runOnlyForDeploymentPostprocessing = 0;
		};
/* End PBXFrameworksBuildPhase section */

/* Begin PBXGroup section */
		F5D6A5621BE0DB4C00DBCA29 = {
			isa = PBXGroup;
			children = (
				F5D6A56D1BE0DB4C00DBCA29 /* Music */,
				F5D6A5871BE0DB4C00DBCA29 /* MusicTests */,
				F5D6A56C1BE0DB4C00DBCA29 /* Products */,
			);
			sourceTree = "<group>";
		};
		F5D6A56C1BE0DB4C00DBCA29 /* Products */ = {
			isa = PBXGroup;
			children = (
				F5D6A56B1BE0DB4C00DBCA29 /* Music.app */,
				F5D6A5841BE0DB4C00DBCA29 /* MusicTests.xctest */,
			);
			name = Products;
			sourceTree = "<group>";
		};
		F5D6A56D1BE0DB4C00DBCA29 /* Music */ = {
			isa = PBXGroup;
			children = (
				F5D6A5721BE0DB4C00DBCA29 /* AppDelegate.h */,
				F5D6A5731BE0DB4C00DBCA29 /* AppDelegate.m */,
				F5D6A5751BE0DB4C00DBCA29 /* ViewController.h */,
				F5D6A5761BE0DB4C00DBCA29 /* ViewController.m */,
				F5D6A5941BE0DB8F00DBCA29 /* BaseViewController.h */,
				F5D6A5951BE0DB8F00DBCA29 /* BaseViewController.m */,
				F5D6A5A81BE0F05D00DBCA29 /* Third */,
				F5D6A59B1BE0EA2900DBCA29 /* Music */,
				F5D6A5781BE0DB4C00DBCA29 /* Main.storyboard */,
				F5D6A57B1BE0DB4C00DBCA29 /* Images.xcassets */,
				F5D6A57D1BE0DB4C00DBCA29 /* LaunchScreen.xib */,
				F5D6A56E1BE0DB4C00DBCA29 /* Supporting Files */,
			);
			path = Music;
			sourceTree = "<group>";
		};
		F5D6A56E1BE0DB4C00DBCA29 /* Supporting Files */ = {
			isa = PBXGroup;
			children = (
				F5D0A3551BE1298B00381D37 /* iconfont-fanhuiyou.png */,
				F5D6A5971BE0DF5A00DBCA29 /* back_nomal.png */,
				F5D6A5981BE0DF5A00DBCA29 /* back_click.png */,
				F5D6A56F1BE0DB4C00DBCA29 /* Info.plist */,
				F5D6A5701BE0DB4C00DBCA29 /* main.m */,
			);
			name = "Supporting Files";
			sourceTree = "<group>";
		};
		F5D6A5871BE0DB4C00DBCA29 /* MusicTests */ = {
			isa = PBXGroup;
			children = (
				F5D6A58A1BE0DB4C00DBCA29 /* MusicTests.m */,
				F5D6A5881BE0DB4C00DBCA29 /* Supporting Files */,
			);
			path = MusicTests;
			sourceTree = "<group>";
		};
		F5D6A5881BE0DB4C00DBCA29 /* Supporting Files */ = {
			isa = PBXGroup;
			children = (
				F5D6A5891BE0DB4C00DBCA29 /* Info.plist */,
			);
			name = "Supporting Files";
			sourceTree = "<group>";
		};
		F5D6A59B1BE0EA2900DBCA29 /* Music */ = {
			isa = PBXGroup;
			children = (
				F5D6A59C1BE0EA2900DBCA29 /* Controller */,
				F5D6A59D1BE0EA2900DBCA29 /* Model */,
				F5D6A59E1BE0EA2900DBCA29 /* View */,
			);
			path = Music;
			sourceTree = "<group>";
		};
		F5D6A59C1BE0EA2900DBCA29 /* Controller */ = {
			isa = PBXGroup;
			children = (
				F5D6A59F1BE0EA4F00DBCA29 /* MainMusicViewController.h */,
				F5D6A5A01BE0EA4F00DBCA29 /* MainMusicViewController.m */,
			);
			path = Controller;
			sourceTree = "<group>";
		};
		F5D6A59D1BE0EA2900DBCA29 /* Model */ = {
			isa = PBXGroup;
			children = (
				F5D6A5FE1BE0F4B200DBCA29 /* MusicFramework.h */,
				F5D6A5FF1BE0F4B200DBCA29 /* MusicFramework.m */,
				F5D6A6051BE1005000DBCA29 /* MusicImageList.h */,
				F5D6A6061BE1005000DBCA29 /* MusicImageList.m */,
				F5D6A6081BE10A6A00DBCA29 /* MusicTitleList.h */,
				F5D6A6091BE10A6A00DBCA29 /* MusicTitleList.m */,
				F5D6A60B1BE10CA500DBCA29 /* ProgramSelection.h */,
				F5D6A60C1BE10CA500DBCA29 /* ProgramSelection.m */,
				F5D0A34D1BE11D8700381D37 /* CategoryMusic.h */,
				F5D0A34E1BE11D8700381D37 /* CategoryMusic.m */,
			);
			path = Model;
			sourceTree = "<group>";
		};
		F5D6A59E1BE0EA2900DBCA29 /* View */ = {
			isa = PBXGroup;
			children = (
				F5D6A5A51BE0EC5400DBCA29 /* HeaderCell.h */,
				F5D6A5A61BE0EC5400DBCA29 /* HeaderCell.m */,
				F5D6A6021BE0FCF500DBCA29 /* NewsTopCell.h */,
				F5D6A6031BE0FCF500DBCA29 /* NewsTopCell.m */,
				F5D0A3501BE1223900381D37 /* MusicListCell.h */,
				F5D0A3511BE1223900381D37 /* MusicListCell.m */,
			);
			path = View;
			sourceTree = "<group>";
		};
		F5D6A5A81BE0F05D00DBCA29 /* Third */ = {
			isa = PBXGroup;
			children = (
				F5D6A5C91BE0F41900DBCA29 /* NetHandler.h */,
				F5D6A5CA1BE0F41900DBCA29 /* NetHandler.m */,
				F5D6A5CB1BE0F41900DBCA29 /* SDWebImage */,
				F5D6A5B01BE0F39C00DBCA29 /* MJRefresh */,
				F5D6A5A91BE0F05D00DBCA29 /* 颜色处理类目 */,
			);
			path = Third;
			sourceTree = "<group>";
		};
		F5D6A5A91BE0F05D00DBCA29 /* 颜色处理类目 */ = {
			isa = PBXGroup;
			children = (
				F5D6A5AA1BE0F05D00DBCA29 /* UIColor+AddColor.h */,
				F5D6A5AB1BE0F05D00DBCA29 /* UIColor+AddColor.m */,
			);
			path = "颜色处理类目";
			sourceTree = "<group>";
		};
		F5D6A5B01BE0F39C00DBCA29 /* MJRefresh */ = {
			isa = PBXGroup;
			children = (
				F5D6A5B11BE0F39C00DBCA29 /* MJRefresh.bundle */,
				F5D6A5B21BE0F39C00DBCA29 /* MJRefresh.h */,
				F5D6A5B31BE0F39C00DBCA29 /* MJRefreshBaseView.h */,
				F5D6A5B41BE0F39C00DBCA29 /* MJRefreshBaseView.m */,
				F5D6A5B51BE0F39C00DBCA29 /* MJRefreshConst.h */,
				F5D6A5B61BE0F39C00DBCA29 /* MJRefreshConst.m */,
				F5D6A5B71BE0F39C00DBCA29 /* MJRefreshFooterView.h */,
				F5D6A5B81BE0F39C00DBCA29 /* MJRefreshFooterView.m */,
				F5D6A5B91BE0F39C00DBCA29 /* MJRefreshHeaderView.h */,
				F5D6A5BA1BE0F39C00DBCA29 /* MJRefreshHeaderView.m */,
				F5D6A5BB1BE0F39C00DBCA29 /* UIScrollView+Extension.h */,
				F5D6A5BC1BE0F39C00DBCA29 /* UIScrollView+Extension.m */,
				F5D6A5BD1BE0F39C00DBCA29 /* UIScrollView+MJRefresh.h */,
				F5D6A5BE1BE0F39C00DBCA29 /* UIScrollView+MJRefresh.m */,
				F5D6A5BF1BE0F39C00DBCA29 /* UIView+Extension.h */,
				F5D6A5C01BE0F39C00DBCA29 /* UIView+Extension.m */,
			);
			path = MJRefresh;
			sourceTree = "<group>";
		};
		F5D6A5CB1BE0F41900DBCA29 /* SDWebImage */ = {
			isa = PBXGroup;
			children = (
				F5D6A5CC1BE0F41900DBCA29 /* MKAnnotationView+WebCache.h */,
				F5D6A5CD1BE0F41900DBCA29 /* MKAnnotationView+WebCache.m */,
				F5D6A5CE1BE0F41900DBCA29 /* NSData+ImageContentType.h */,
				F5D6A5CF1BE0F41900DBCA29 /* NSData+ImageContentType.m */,
				F5D6A5D01BE0F41900DBCA29 /* SDImageCache.h */,
				F5D6A5D11BE0F41900DBCA29 /* SDImageCache.m */,
				F5D6A5D21BE0F41900DBCA29 /* SDWebImageCompat.h */,
				F5D6A5D31BE0F41900DBCA29 /* SDWebImageCompat.m */,
				F5D6A5D41BE0F41900DBCA29 /* SDWebImageDecoder.h */,
				F5D6A5D51BE0F41900DBCA29 /* SDWebImageDecoder.m */,
				F5D6A5D61BE0F41900DBCA29 /* SDWebImageDownloader.h */,
				F5D6A5D71BE0F41900DBCA29 /* SDWebImageDownloader.m */,
				F5D6A5D81BE0F41900DBCA29 /* SDWebImageDownloaderOperation.h */,
				F5D6A5D91BE0F41900DBCA29 /* SDWebImageDownloaderOperation.m */,
				F5D6A5DA1BE0F41900DBCA29 /* SDWebImageManager.h */,
				F5D6A5DB1BE0F41900DBCA29 /* SDWebImageManager.m */,
				F5D6A5DC1BE0F41900DBCA29 /* SDWebImageOperation.h */,
				F5D6A5DD1BE0F41900DBCA29 /* SDWebImagePrefetcher.h */,
				F5D6A5DE1BE0F41900DBCA29 /* SDWebImagePrefetcher.m */,
				F5D6A5DF1BE0F41900DBCA29 /* UIButton+WebCache.h */,
				F5D6A5E01BE0F41900DBCA29 /* UIButton+WebCache.m */,
				F5D6A5E11BE0F41900DBCA29 /* UIImage+GIF.h */,
				F5D6A5E21BE0F41900DBCA29 /* UIImage+GIF.m */,
				F5D6A5E31BE0F41900DBCA29 /* UIImage+MultiFormat.h */,
				F5D6A5E41BE0F41900DBCA29 /* UIImage+MultiFormat.m */,
				F5D6A5E51BE0F41900DBCA29 /* UIImage+WebP.h */,
				F5D6A5E61BE0F41900DBCA29 /* UIImage+WebP.m */,
				F5D6A5E71BE0F41900DBCA29 /* UIImageView+HighlightedWebCache.h */,
				F5D6A5E81BE0F41900DBCA29 /* UIImageView+HighlightedWebCache.m */,
				F5D6A5E91BE0F41900DBCA29 /* UIImageView+WebCache.h */,
				F5D6A5EA1BE0F41900DBCA29 /* UIImageView+WebCache.m */,
				F5D6A5EB1BE0F41900DBCA29 /* UIView+WebCacheOperation.h */,
				F5D6A5EC1BE0F41900DBCA29 /* UIView+WebCacheOperation.m */,
			);
			path = SDWebImage;
			sourceTree = "<group>";
		};
/* End PBXGroup section */

/* Begin PBXNativeTarget section */
		F5D6A56A1BE0DB4C00DBCA29 /* Music */ = {
			isa = PBXNativeTarget;
			buildConfigurationList = F5D6A58E1BE0DB4C00DBCA29 /* Build configuration list for PBXNativeTarget "Music" */;
			buildPhases = (
				F5D6A5671BE0DB4C00DBCA29 /* Sources */,
				F5D6A5681BE0DB4C00DBCA29 /* Frameworks */,
				F5D6A5691BE0DB4C00DBCA29 /* Resources */,
			);
			buildRules = (
			);
			dependencies = (
			);
			name = Music;
			productName = Music;
			productReference = F5D6A56B1BE0DB4C00DBCA29 /* Music.app */;
			productType = "com.apple.product-type.application";
		};
		F5D6A5831BE0DB4C00DBCA29 /* MusicTests */ = {
			isa = PBXNativeTarget;
			buildConfigurationList = F5D6A5911BE0DB4C00DBCA29 /* Build configuration list for PBXNativeTarget "MusicTests" */;
			buildPhases = (
				F5D6A5801BE0DB4C00DBCA29 /* Sources */,
				F5D6A5811BE0DB4C00DBCA29 /* Frameworks */,
				F5D6A5821BE0DB4C00DBCA29 /* Resources */,
			);
			buildRules = (
			);
			dependencies = (
				F5D6A5861BE0DB4C00DBCA29 /* PBXTargetDependency */,
			);
			name = MusicTests;
			productName = MusicTests;
			productReference = F5D6A5841BE0DB4C00DBCA29 /* MusicTests.xctest */;
			productType = "com.apple.product-type.bundle.unit-test";
		};
/* End PBXNativeTarget section */

/* Begin PBXProject section */
		F5D6A5631BE0DB4C00DBCA29 /* Project object */ = {
			isa = PBXProject;
			attributes = {
				LastUpgradeCheck = 0630;
				ORGANIZATIONNAME = "朱鹏";
				TargetAttributes = {
					F5D6A56A1BE0DB4C00DBCA29 = {
						CreatedOnToolsVersion = 6.3.2;
					};
					F5D6A5831BE0DB4C00DBCA29 = {
						CreatedOnToolsVersion = 6.3.2;
						TestTargetID = F5D6A56A1BE0DB4C00DBCA29;
					};
				};
			};
			buildConfigurationList = F5D6A5661BE0DB4C00DBCA29 /* Build configuration list for PBXProject "Music" */;
			compatibilityVersion = "Xcode 3.2";
			developmentRegion = English;
			hasScannedForEncodings = 0;
			knownRegions = (
				en,
				Base,
			);
			mainGroup = F5D6A5621BE0DB4C00DBCA29;
			productRefGroup = F5D6A56C1BE0DB4C00DBCA29 /* Products */;
			projectDirPath = "";
			projectRoot = "";
			targets = (
				F5D6A56A1BE0DB4C00DBCA29 /* Music */,
				F5D6A5831BE0DB4C00DBCA29 /* MusicTests */,
			);
		};
/* End PBXProject section */

/* Begin PBXResourcesBuildPhase section */
		F5D6A5691BE0DB4C00DBCA29 /* Resources */ = {
			isa = PBXResourcesBuildPhase;
			buildActionMask = 2147483647;
			files = (
				F5D6A59A1BE0DF5A00DBCA29 /* back_click.png in Resources */,
				F5D6A57A1BE0DB4C00DBCA29 /* Main.storyboard in Resources */,
				F5D6A5C11BE0F39C00DBCA29 /* MJRefresh.bundle in Resources */,
				F5D6A57F1BE0DB4C00DBCA29 /* LaunchScreen.xib in Resources */,
				F5D6A5991BE0DF5A00DBCA29 /* back_nomal.png in Resources */,
				F5D0A3561BE1298B00381D37 /* iconfont-fanhuiyou.png in Resources */,
				F5D6A57C1BE0DB4C00DBCA29 /* Images.xcassets in Resources */,
			);
			runOnlyForDeploymentPostprocessing = 0;
		};
		F5D6A5821BE0DB4C00DBCA29 /* Resources */ = {
			isa = PBXResourcesBuildPhase;
			buildActionMask = 2147483647;
			files = (
			);
			runOnlyForDeploymentPostprocessing = 0;
		};
/* End PBXResourcesBuildPhase section */

/* Begin PBXSourcesBuildPhase section */
		F5D6A5671BE0DB4C00DBCA29 /* Sources */ = {
			isa = PBXSourcesBuildPhase;
			buildActionMask = 2147483647;
			files = (
				F5D6A5F81BE0F41900DBCA29 /* UIImage+GIF.m in Sources */,
				F5D6A5C81BE0F39C00DBCA29 /* UIView+Extension.m in Sources */,
				F5D6A5C41BE0F39C00DBCA29 /* MJRefreshFooterView.m in Sources */,
				F5D6A5771BE0DB4C00DBCA29 /* ViewController.m in Sources */,
				F5D6A5C61BE0F39C00DBCA29 /* UIScrollView+Extension.m in Sources */,
				F5D6A5FA1BE0F41900DBCA29 /* UIImage+WebP.m in Sources */,
				F5D6A6001BE0F4B200DBCA29 /* MusicFramework.m in Sources */,
				F5D6A5EF1BE0F41900DBCA29 /* NSData+ImageContentType.m in Sources */,
				F5D6A5A11BE0EA4F00DBCA29 /* MainMusicViewController.m in Sources */,
				F5D6A5C71BE0F39C00DBCA29 /* UIScrollView+MJRefresh.m in Sources */,
				F5D6A5F21BE0F41900DBCA29 /* SDWebImageDecoder.m in Sources */,
				F5D6A5AC1BE0F05D00DBCA29 /* UIColor+AddColor.m in Sources */,
				F5D6A5F71BE0F41900DBCA29 /* UIButton+WebCache.m in Sources */,
				F5D0A34F1BE11D8700381D37 /* CategoryMusic.m in Sources */,
				F5D6A5F51BE0F41900DBCA29 /* SDWebImageManager.m in Sources */,
				F5D0A3521BE1223900381D37 /* MusicListCell.m in Sources */,
				F5D6A5961BE0DB8F00DBCA29 /* BaseViewController.m in Sources */,
				F5D6A5FC1BE0F41900DBCA29 /* UIImageView+WebCache.m in Sources */,
				F5D6A5C31BE0F39C00DBCA29 /* MJRefreshConst.m in Sources */,
				F5D6A60A1BE10A6A00DBCA29 /* MusicTitleList.m in Sources */,
				F5D6A5C51BE0F39C00DBCA29 /* MJRefreshHeaderView.m in Sources */,
				F5D6A5741BE0DB4C00DBCA29 /* AppDelegate.m in Sources */,
				F5D6A6071BE1005000DBCA29 /* MusicImageList.m in Sources */,
				F5D6A5FB1BE0F41900DBCA29 /* UIImageView+HighlightedWebCache.m in Sources */,
				F5D6A5F31BE0F41900DBCA29 /* SDWebImageDownloader.m in Sources */,
				F5D6A60D1BE10CA500DBCA29 /* ProgramSelection.m in Sources */,
				F5D6A6041BE0FCF500DBCA29 /* NewsTopCell.m in Sources */,
				F5D6A5F61BE0F41900DBCA29 /* SDWebImagePrefetcher.m in Sources */,
				F5D6A5ED1BE0F41900DBCA29 /* NetHandler.m in Sources */,
				F5D6A5F01BE0F41900DBCA29 /* SDImageCache.m in Sources */,
				F5D6A5F41BE0F41900DBCA29 /* SDWebImageDownloaderOperation.m in Sources */,
				F5D6A5C21BE0F39C00DBCA29 /* MJRefreshBaseView.m in Sources */,
				F5D6A5EE1BE0F41900DBCA29 /* MKAnnotationView+WebCache.m in Sources */,
				F5D6A5F91BE0F41900DBCA29 /* UIImage+MultiFormat.m in Sources */,
				F5D6A5FD1BE0F41900DBCA29 /* UIView+WebCacheOperation.m in Sources */,
				F5D6A5F11BE0F41900DBCA29 /* SDWebImageCompat.m in Sources */,
				F5D6A5A71BE0EC5400DBCA29 /* HeaderCell.m in Sources */,
				F5D6A5711BE0DB4C00DBCA29 /* main.m in Sources */,
			);
			runOnlyForDeploymentPostprocessing = 0;
		};
		F5D6A5801BE0DB4C00DBCA29 /* Sources */ = {
			isa = PBXSourcesBuildPhase;
			buildActionMask = 2147483647;
			files = (
				F5D6A58B1BE0DB4C00DBCA29 /* MusicTests.m in Sources */,
			);
			runOnlyForDeploymentPostprocessing = 0;
		};
/* End PBXSourcesBuildPhase section */

/* Begin PBXTargetDependency section */
		F5D6A5861BE0DB4C00DBCA29 /* PBXTargetDependency */ = {
			isa = PBXTargetDependency;
			target = F5D6A56A1BE0DB4C00DBCA29 /* Music */;
			targetProxy = F5D6A5851BE0DB4C00DBCA29 /* PBXContainerItemProxy */;
		};
/* End PBXTargetDependency section */

/* Begin PBXVariantGroup section */
		F5D6A5781BE0DB4C00DBCA29 /* Main.storyboard */ = {
			isa = PBXVariantGroup;
			children = (
				F5D6A5791BE0DB4C00DBCA29 /* Base */,
			);
			name = Main.storyboard;
			sourceTree = "<group>";
		};
		F5D6A57D1BE0DB4C00DBCA29 /* LaunchScreen.xib */ = {
			isa = PBXVariantGroup;
			children = (
				F5D6A57E1BE0DB4C00DBCA29 /* Base */,
			);
			name = LaunchScreen.xib;
			sourceTree = "<group>";
		};
/* End PBXVariantGroup section */

/* Begin XCBuildConfiguration section */
		F5D6A58C1BE0DB4C00DBCA29 /* Debug */ = {
			isa = XCBuildConfiguration;
			buildSettings = {
				ALWAYS_SEARCH_USER_PATHS = NO;
				CLANG_CXX_LANGUAGE_STANDARD = "gnu++0x";
				CLANG_CXX_LIBRARY = "libc++";
				CLANG_ENABLE_MODULES = YES;
				CLANG_ENABLE_OBJC_ARC = YES;
				CLANG_WARN_BOOL_CONVERSION = YES;
				CLANG_WARN_CONSTANT_CONVERSION = YES;
				CLANG_WARN_DIRECT_OBJC_ISA_USAGE = YES_ERROR;
				CLANG_WARN_EMPTY_BODY = YES;
				CLANG_WARN_ENUM_CONVERSION = YES;
				CLANG_WARN_INT_CONVERSION = YES;
				CLANG_WARN_OBJC_ROOT_CLASS = YES_ERROR;
				CLANG_WARN_UNREACHABLE_CODE = YES;
				CLANG_WARN__DUPLICATE_METHOD_MATCH = YES;
				"CODE_SIGN_IDENTITY[sdk=iphoneos*]" = "iPhone Developer";
				COPY_PHASE_STRIP = NO;
				DEBUG_INFORMATION_FORMAT = "dwarf-with-dsym";
				ENABLE_STRICT_OBJC_MSGSEND = YES;
				GCC_C_LANGUAGE_STANDARD = gnu99;
				GCC_DYNAMIC_NO_PIC = NO;
				GCC_NO_COMMON_BLOCKS = YES;
				GCC_OPTIMIZATION_LEVEL = 0;
				GCC_PREPROCESSOR_DEFINITIONS = (
					"DEBUG=1",
					"$(inherited)",
				);
				GCC_SYMBOLS_PRIVATE_EXTERN = NO;
				GCC_WARN_64_TO_32_BIT_CONVERSION = YES;
				GCC_WARN_ABOUT_RETURN_TYPE = YES_ERROR;
				GCC_WARN_UNDECLARED_SELECTOR = YES;
				GCC_WARN_UNINITIALIZED_AUTOS = YES_AGGRESSIVE;
				GCC_WARN_UNUSED_FUNCTION = YES;
				GCC_WARN_UNUSED_VARIABLE = YES;
				IPHONEOS_DEPLOYMENT_TARGET = 8.3;
				MTL_ENABLE_DEBUG_INFO = YES;
				ONLY_ACTIVE_ARCH = YES;
				SDKROOT = iphoneos;
			};
			name = Debug;
		};
		F5D6A58D1BE0DB4C00DBCA29 /* Release */ = {
			isa = XCBuildConfiguration;
			buildSettings = {
				ALWAYS_SEARCH_USER_PATHS = NO;
				CLANG_CXX_LANGUAGE_STANDARD = "gnu++0x";
				CLANG_CXX_LIBRARY = "libc++";
				CLANG_ENABLE_MODULES = YES;
				CLANG_ENABLE_OBJC_ARC = YES;
				CLANG_WARN_BOOL_CONVERSION = YES;
				CLANG_WARN_CONSTANT_CONVERSION = YES;
				CLANG_WARN_DIRECT_OBJC_ISA_USAGE = YES_ERROR;
				CLANG_WARN_EMPTY_BODY = YES;
				CLANG_WARN_ENUM_CONVERSION = YES;
				CLANG_WARN_INT_CONVERSION = YES;
				CLANG_WARN_OBJC_ROOT_CLASS = YES_ERROR;
				CLANG_WARN_UNREACHABLE_CODE = YES;
				CLANG_WARN__DUPLICATE_METHOD_MATCH = YES;
				"CODE_SIGN_IDENTITY[sdk=iphoneos*]" = "iPhone Developer";
				COPY_PHASE_STRIP = NO;
				DEBUG_INFORMATION_FORMAT = "dwarf-with-dsym";
				ENABLE_NS_ASSERTIONS = NO;
				ENABLE_STRICT_OBJC_MSGSEND = YES;
				GCC_C_LANGUAGE_STANDARD = gnu99;
				GCC_NO_COMMON_BLOCKS = YES;
				GCC_WARN_64_TO_32_BIT_CONVERSION = YES;
				GCC_WARN_ABOUT_RETURN_TYPE = YES_ERROR;
				GCC_WARN_UNDECLARED_SELECTOR = YES;
				GCC_WARN_UNINITIALIZED_AUTOS = YES_AGGRESSIVE;
				GCC_WARN_UNUSED_FUNCTION = YES;
				GCC_WARN_UNUSED_VARIABLE = YES;
				IPHONEOS_DEPLOYMENT_TARGET = 8.3;
				MTL_ENABLE_DEBUG_INFO = NO;
				SDKROOT = iphoneos;
				VALIDATE_PRODUCT = YES;
			};
			name = Release;
		};
		F5D6A58F1BE0DB4C00DBCA29 /* Debug */ = {
			isa = XCBuildConfiguration;
			buildSettings = {
				ASSETCATALOG_COMPILER_APPICON_NAME = AppIcon;
				INFOPLIST_FILE = Music/Info.plist;
				LD_RUNPATH_SEARCH_PATHS = "$(inherited) @executable_path/Frameworks";
				PRODUCT_NAME = "$(TARGET_NAME)";
			};
			name = Debug;
		};
		F5D6A5901BE0DB4C00DBCA29 /* Release */ = {
			isa = XCBuildConfiguration;
			buildSettings = {
				ASSETCATALOG_COMPILER_APPICON_NAME = AppIcon;
				INFOPLIST_FILE = Music/Info.plist;
				LD_RUNPATH_SEARCH_PATHS = "$(inherited) @executable_path/Frameworks";
				PRODUCT_NAME = "$(TARGET_NAME)";
			};
			name = Release;
		};
		F5D6A5921BE0DB4C00DBCA29 /* Debug */ = {
			isa = XCBuildConfiguration;
			buildSettings = {
				BUNDLE_LOADER = "$(TEST_HOST)";
				FRAMEWORK_SEARCH_PATHS = (
					"$(SDKROOT)/Developer/Library/Frameworks",
					"$(inherited)",
				);
				GCC_PREPROCESSOR_DEFINITIONS = (
					"DEBUG=1",
					"$(inherited)",
				);
				INFOPLIST_FILE = MusicTests/Info.plist;
				LD_RUNPATH_SEARCH_PATHS = "$(inherited) @executable_path/Frameworks @loader_path/Frameworks";
				PRODUCT_NAME = "$(TARGET_NAME)";
				TEST_HOST = "$(BUILT_PRODUCTS_DIR)/Music.app/Music";
			};
			name = Debug;
		};
		F5D6A5931BE0DB4C00DBCA29 /* Release */ = {
			isa = XCBuildConfiguration;
			buildSettings = {
				BUNDLE_LOADER = "$(TEST_HOST)";
				FRAMEWORK_SEARCH_PATHS = (
					"$(SDKROOT)/Developer/Library/Frameworks",
					"$(inherited)",
				);
				INFOPLIST_FILE = MusicTests/Info.plist;
				LD_RUNPATH_SEARCH_PATHS = "$(inherited) @executable_path/Frameworks @loader_path/Frameworks";
				PRODUCT_NAME = "$(TARGET_NAME)";
				TEST_HOST = "$(BUILT_PRODUCTS_DIR)/Music.app/Music";
			};
			name = Release;
		};
/* End XCBuildConfiguration section */

/* Begin XCConfigurationList section */
		F5D6A5661BE0DB4C00DBCA29 /* Build configuration list for PBXProject "Music" */ = {
			isa = XCConfigurationList;
			buildConfigurations = (
				F5D6A58C1BE0DB4C00DBCA29 /* Debug */,
				F5D6A58D1BE0DB4C00DBCA29 /* Release */,
			);
			defaultConfigurationIsVisible = 0;
			defaultConfigurationName = Release;
		};
		F5D6A58E1BE0DB4C00DBCA29 /* Build configuration list for PBXNativeTarget "Music" */ = {
			isa = XCConfigurationList;
			buildConfigurations = (
				F5D6A58F1BE0DB4C00DBCA29 /* Debug */,
				F5D6A5901BE0DB4C00DBCA29 /* Release */,
			);
			defaultConfigurationIsVisible = 0;
			defaultConfigurationName = Release;
		};
		F5D6A5911BE0DB4C00DBCA29 /* Build configuration list for PBXNativeTarget "MusicTests" */ = {
			isa = XCConfigurationList;
			buildConfigurations = (
				F5D6A5921BE0DB4C00DBCA29 /* Debug */,
				F5D6A5931BE0DB4C00DBCA29 /* Release */,
			);
			defaultConfigurationIsVisible = 0;
			defaultConfigurationName = Release;
		};
/* End XCConfigurationList section */
	};
	rootObject = F5D6A5631BE0DB4C00DBCA29 /* Project object */;
}
